
Microsoft Visual Studio Solution File, Format Version 12.00
# Visual Studio Version 18
VisualStudioVersion = 18.3.11408.92 d18.3
MinimumVisualStudioVersion = 10.0.40219.1
Project("{2150E333-8FDC-42A3-9474-1A3956D46DE8}") = "src", "src", "{827E0CD3-B72D-47B6-A68D-7590B98EB39B}"
EndProject
Project("{FAE04EC0-301F-11D3-BF4B-00C04F79EFBC}") = "BlogDraftWebApp", "src\BlogDraftWebApp\BlogDraftWebApp.csproj", "{7A3D6C53-6C44-46EB-8BBF-0ED698123DA5}"
EndProject
Project("{FAE04EC0-301F-11D3-BF4B-00C04F79EFBC}") = "BlogDraftWebApp.Core", "src\BlogDraftWebApp.Core\BlogDraftWebApp.Core.csproj", "{67F5FD7A-4554-433F-91EE-BABE1C279FBC}"
EndProject
Project("{FAE04EC0-301F-11D3-BF4B-00C04F79EFBC}") = "BlogDraftWebApp.Api", "src\BlogDraftWebApp.Api\BlogDraftWebApp.Api.csproj", "{270074E2-A407-4E10-A27D-2F50702753CD}"
EndProject
Project("{2150E333-8FDC-42A3-9474-1A3956D46DE8}") = "tests", "tests", "{0AB3BF05-4346-4AA6-1389-037BE0695223}"
EndProject
Project("{FAE04EC0-301F-11D3-BF4B-00C04F79EFBC}") = "BlogDraftWebApp.Core.UnitTests", "tests\BlogDraftWebApp.Core.UnitTests\BlogDraftWebApp.Core.UnitTests.csproj", "{2CA20416-BA93-482C-96F7-B5AB017086EF}"
EndProject
Project("{FAE04EC0-301F-11D3-BF4B-00C04F79EFBC}") = "BlogDraftWebApp.Api.IntegrationTests", "tests\BlogDraftWebApp.Api.IntegrationTests\BlogDraftWebApp.Api.IntegrationTests.csproj", "{D46318AE-74EA-4FC3-8ADC-241B221794A0}"
EndProject
Project("{FAE04EC0-301F-11D3-BF4B-00C04F79EFBC}") = "BlogDraftWebApp.Tests.Common", "tests\BlogDraftWebApp.Tests.Common\BlogDraftWebApp.Tests.Common.csproj", "{BE82D20B-C8D2-42FC-A14B-68780660425D}"
EndProject
Project("{FAE04EC0-301F-11D3-BF4B-00C04F79EFBC}") = "BlogDraftWebApp.Components.Tests", "tests\BlogDraftWebApp.Components.Tests\BlogDraftWebApp.Components.Tests.csproj", "{6E3CB1D0-1C60-4F2E-9E80-8B8F2A6E9B5B}"
EndProject
Project("{FAE04EC0-301F-11D3-BF4B-00C04F79EFBC}") = "BlogDraftWebApp.E2E.Tests", "tests\BlogDraftWebApp.E2E.Tests\BlogDraftWebApp.E2E.Tests.csproj", "{B37D1B2E-6E26-4D8F-8E38-91825D7C5AF2}"
EndProject
Global
	GlobalSection(SolutionConfigurationPlatforms) = preSolution
		Debug|Any CPU = Debug|Any CPU
		Debug|x64 = Debug|x64
		Debug|x86 = Debug|x86
		Release|Any CPU = Release|Any CPU
		Release|x64 = Release|x64
		Release|x86 = Release|x86
	EndGlobalSection
	GlobalSection(ProjectConfigurationPlatforms) = postSolution
		{7A3D6C53-6C44-46EB-8BBF-0ED698123DA5}.Debug|Any CPU.ActiveCfg = Debug|Any CPU
		{7A3D6C53-6C44-46EB-8BBF-0ED698123DA5}.Debug|Any CPU.Build.0 = Debug|Any CPU
		{7A3D6C53-6C44-46EB-8BBF-0ED698123DA5}.Debug|x64.ActiveCfg = Debug|Any CPU
		{7A3D6C53-6C44-46EB-8BBF-0ED698123DA5}.Debug|x64.Build.0 = Debug|Any CPU
		{7A3D6C53-6C44-46EB-8BBF-0ED698123DA5}.Debug|x86.ActiveCfg = Debug|Any CPU
		{7A3D6C53-6C44-46EB-8BBF-0ED698123DA5}.Debug|x86.Build.0 = Debug|Any CPU
		{7A3D6C53-6C44-46EB-8BBF-0ED698123DA5}.Release|Any CPU.ActiveCfg = Release|Any CPU
		{7A3D6C53-6C44-46EB-8BBF-0ED698123DA5}.Release|Any CPU.Build.0 = Release|Any CPU
		{7A3D6C53-6C44-46EB-8BBF-0ED698123DA5}.Release|x64.ActiveCfg = Release|Any CPU
		{7A3D6C53-6C44-46EB-8BBF-0ED698123DA5}.Release|x64.Build.0 = Release|Any CPU
		{7A3D6C53-6C44-46EB-8BBF-0ED698123DA5}.Release|x86.ActiveCfg = Release|Any CPU
		{7A3D6C53-6C44-46EB-8BBF-0ED698123DA5}.Release|x86.Build.0 = Release|Any CPU
		{67F5FD7A-4554-433F-91EE-BABE1C279FBC}.Debug|Any CPU.ActiveCfg = Debug|Any CPU
		{67F5FD7A-4554-433F-91EE-BABE1C279FBC}.Debug|Any CPU.Build.0 = Debug|Any CPU
		{67F5FD7A-4554-433F-91EE-BABE1C279FBC}.Debug|x64.ActiveCfg = Debug|Any CPU
		{67F5FD7A-4554-433F-91EE-BABE1C279FBC}.Debug|x64.Build.0 = Debug|Any CPU
		{67F5FD7A-4554-433F-91EE-BABE1C279FBC}.Debug|x86.ActiveCfg = Debug|Any CPU
		{67F5FD7A-4554-433F-91EE-BABE1C279FBC}.Debug|x86.Build.0 = Debug|Any CPU
		{67F5FD7A-4554-433F-91EE-BABE1C279FBC}.Release|Any CPU.ActiveCfg = Release|Any CPU
		{67F5FD7A-4554-433F-91EE-BABE1C279FBC}.Release|Any CPU.Build.0 = Release|Any CPU
		{67F5FD7A-4554-433F-91EE-BABE1C279FBC}.Release|x64.ActiveCfg = Release|Any CPU
		{67F5FD7A-4554-433F-91EE-BABE1C279FBC}.Release|x64.Build.0 = Release|Any CPU
		{67F5FD7A-4554-433F-91EE-BABE1C279FBC}.Release|x86.ActiveCfg = Release|Any CPU
		{67F5FD7A-4554-433F-91EE-BABE1C279FBC}.Release|x86.Build.0 = Release|Any CPU
		{270074E2-A407-4E10-A27D-2F50702753CD}.Debug|Any CPU.ActiveCfg = Debug|Any CPU
		{270074E2-A407-4E10-A27D-2F50702753CD}.Debug|Any CPU.Build.0 = Debug|Any CPU
		{270074E2-A407-4E10-A27D-2F50702753CD}.Debug|x64.ActiveCfg = Debug|Any CPU
		{270074E2-A407-4E10-A27D-2F50702753CD}.Debug|x64.Build.0 = Debug|Any CPU
		{270074E2-A407-4E10-A27D-2F50702753CD}.Debug|x86.ActiveCfg = Debug|Any CPU
		{270074E2-A407-4E10-A27D-2F50702753CD}.Debug|x86.Build.0 = Debug|Any CPU
		{270074E2-A407-4E10-A27D-2F50702753CD}.Release|Any CPU.ActiveCfg = Release|Any CPU
		{270074E2-A407-4E10-A27D-2F50702753CD}.Release|Any CPU.Build.0 = Release|Any CPU
		{270074E2-A407-4E10-A27D-2F50702753CD}.Release|x64.ActiveCfg = Release|Any CPU
		{270074E2-A407-4E10-A27D-2F50702753CD}.Release|x64.Build.0 = Release|Any CPU
		{270074E2-A407-4E10-A27D-2F50702753CD}.Release|x86.ActiveCfg = Release|Any CPU
		{270074E2-A407-4E10-A27D-2F50702753CD}.Release|x86.Build.0 = Release|Any CPU
		{2CA20416-BA93-482C-96F7-B5AB017086EF}.Debug|Any CPU.ActiveCfg = Debug|Any CPU
		{2CA20416-BA93-482C-96F7-B5AB017086EF}.Debug|Any CPU.Build.0 = Debug|Any CPU
		{2CA20416-BA93-482C-96F7-B5AB017086EF}.Debug|x64.ActiveCfg = Debug|Any CPU
		{2CA20416-BA93-482C-96F7-B5AB017086EF}.Debug|x64.Build.0 = Debug|Any CPU
		{2CA20416-BA93-482C-96F7-B5AB017086EF}.Debug|x86.ActiveCfg = Debug|Any CPU
		{2CA20416-BA93-482C-96F7-B5AB017086EF}.Debug|x86.Build.0 = Debug|Any CPU
		{2CA20416-BA93-482C-96F7-B5AB017086EF}.Release|Any CPU.ActiveCfg = Release|Any CPU
		{2CA20416-BA93-482C-96F7-B5AB017086EF}.Release|Any CPU.Build.0 = Release|Any CPU
		{2CA20416-BA93-482C-96F7-B5AB017086EF}.Release|x64.ActiveCfg = Release|Any CPU
		{2CA20416-BA93-482C-96F7-B5AB017086EF}.Release|x64.Build.0 = Release|Any CPU
		{2CA20416-BA93-482C-96F7-B5AB017086EF}.Release|x86.ActiveCfg = Release|Any CPU
		{2CA20416-BA93-482C-96F7-B5AB017086EF}.Release|x86.Build.0 = Release|Any CPU
		{D46318AE-74EA-4FC3-8ADC-241B221794A0}.Debug|Any CPU.ActiveCfg = Debug|Any CPU
		{D46318AE-74EA-4FC3-8ADC-241B221794A0}.Debug|Any CPU.Build.0 = Debug|Any CPU
		{D46318AE-74EA-4FC3-8ADC-241B221794A0}.Debug|x64.ActiveCfg = Debug|Any CPU
		{D46318AE-74EA-4FC3-8ADC-241B221794A0}.Debug|x64.Build.0 = Debug|Any CPU
		{D46318AE-74EA-4FC3-8ADC-241B221794A0}.Debug|x86.ActiveCfg = Debug|Any CPU
		{D46318AE-74EA-4FC3-8ADC-241B221794A0}.Debug|x86.Build.0 = Debug|Any CPU
		{D46318AE-74EA-4FC3-8ADC-241B221794A0}.Release|Any CPU.ActiveCfg = Release|Any CPU
		{D46318AE-74EA-4FC3-8ADC-241B221794A0}.Release|Any CPU.Build.0 = Release|Any CPU
		{D46318AE-74EA-4FC3-8ADC-241B221794A0}.Release|x64.ActiveCfg = Release|Any CPU
		{D46318AE-74EA-4FC3-8ADC-241B221794A0}.Release|x64.Build.0 = Release|Any CPU
		{D46318AE-74EA-4FC3-8ADC-241B221794A0}.Release|x86.ActiveCfg = Release|Any CPU
		{D46318AE-74EA-4FC3-8ADC-241B221794A0}.Release|x86.Build.0 = Release|Any CPU
		{BE82D20B-C8D2-42FC-A14B-68780660425D}.Debug|Any CPU.ActiveCfg = Debug|Any CPU
		{BE82D20B-C8D2-42FC-A14B-68780660425D}.Debug|Any CPU.Build.0 = Debug|Any CPU
		{BE82D20B-C8D2-42FC-A14B-68780660425D}.Debug|x64.ActiveCfg = Debug|Any CPU
		{BE82D20B-C8D2-42FC-A14B-68780660425D}.Debug|x64.Build.0 = Debug|Any CPU
		{BE82D20B-C8D2-42FC-A14B-68780660425D}.Debug|x86.ActiveCfg = Debug|Any CPU
		{BE82D20B-C8D2-42FC-A14B-68780660425D}.Debug|x86.Build.0 = Debug|Any CPU
		{BE82D20B-C8D2-42FC-A14B-68780660425D}.Release|Any CPU.ActiveCfg = Release|Any CPU
		{BE82D20B-C8D2-42FC-A14B-68780660425D}.Release|Any CPU.Build.0 = Release|Any CPU
		{BE82D20B-C8D2-42FC-A14B-68780660425D}.Release|x64.ActiveCfg = Release|Any CPU
		{BE82D20B-C8D2-42FC-A14B-68780660425D}.Release|x64.Build.0 = Release|Any CPU
		{BE82D20B-C8D2-42FC-A14B-68780660425D}.Release|x86.ActiveCfg = Release|Any CPU
		{BE82D20B-C8D2-42FC-A14B-68780660425D}.Release|x86.Build.0 = Release|Any CPU
		{6E3CB1D0-1C60-4F2E-9E80-8B8F2A6E9B5B}.Debug|Any CPU.ActiveCfg = Debug|Any CPU
		{6E3CB1D0-1C60-4F2E-9E80-8B8F2A6E9B5B}.Debug|Any CPU.Build.0 = Debug|Any CPU
		{6E3CB1D0-1C60-4F2E-9E80-8B8F2A6E9B5B}.Debug|x64.ActiveCfg = Debug|Any CPU
		{6E3CB1D0-1C60-4F2E-9E80-8B8F2A6E9B5B}.Debug|x64.Build.0 = Debug|Any CPU
		{6E3CB1D0-1C60-4F2E-9E80-8B8F2A6E9B5B}.Debug|x86.ActiveCfg = Debug|Any CPU
		{6E3CB1D0-1C60-4F2E-9E80-8B8F2A6E9B5B}.Debug|x86.Build.0 = Debug|Any CPU
		{6E3CB1D0-1C60-4F2E-9E80-8B8F2A6E9B5B}.Release|Any CPU.ActiveCfg = Release|Any CPU
		{6E3CB1D0-1C60-4F2E-9E80-8B8F2A6E9B5B}.Release|Any CPU.Build.0 = Release|Any CPU
		{6E3CB1D0-1C60-4F2E-9E80-8B8F2A6E9B5B}.Release|x64.ActiveCfg = Release|Any CPU
		{6E3CB1D0-1C60-4F2E-9E80-8B8F2A6E9B5B}.Release|x64.Build.0 = Release|Any CPU
		{6E3CB1D0-1C60-4F2E-9E80-8B8F2A6E9B5B}.Release|x86.ActiveCfg = Release|Any CPU
		{6E3CB1D0-1C60-4F2E-9E80-8B8F2A6E9B5B}.Release|x86.Build.0 = Release|Any CPU
		{B37D1B2E-6E26-4D8F-8E38-91825D7C5AF2}.Debug|Any CPU.ActiveCfg = Debug|Any CPU
		{B37D1B2E-6E26-4D8F-8E38-91825D7C5AF2}.Debug|Any CPU.Build.0 = Debug|Any CPU
		{B37D1B2E-6E26-4D8F-8E38-91825D7C5AF2}.Debug|x64.ActiveCfg = Debug|Any CPU
		{B37D1B2E-6E26-4D8F-8E38-91825D7C5AF2}.Debug|x64.Build.0 = Debug|Any CPU
		{B37D1B2E-6E26-4D8F-8E38-91825D7C5AF2}.Debug|x86.ActiveCfg = Debug|Any CPU
		{B37D1B2E-6E26-4D8F-8E38-91825D7C5AF2}.Debug|x86.Build.0 = Debug|Any CPU
		{B37D1B2E-6E26-4D8F-8E38-91825D7C5AF2}.Release|Any CPU.ActiveCfg = Release|Any CPU
		{B37D1B2E-6E26-4D8F-8E38-91825D7C5AF2}.Release|Any CPU.Build.0 = Release|Any CPU
		{B37D1B2E-6E26-4D8F-8E38-91825D7C5AF2}.Release|x64.ActiveCfg = Release|Any CPU
		{B37D1B2E-6E26-4D8F-8E38-91825D7C5AF2}.Release|x64.Build.0 = Release|Any CPU
		{B37D1B2E-6E26-4D8F-8E38-91825D7C5AF2}.Release|x86.ActiveCfg = Release|Any CPU
		{B37D1B2E-6E26-4D8F-8E38-91825D7C5AF2}.Release|x86.Build.0 = Release|Any CPU
	EndGlobalSection
	GlobalSection(SolutionProperties) = preSolution
		HideSolutionNode = FALSE
	EndGlobalSection
	GlobalSection(NestedProjects) = preSolution
		{7A3D6C53-6C44-46EB-8BBF-0ED698123DA5} = {827E0CD3-B72D-47B6-A68D-7590B98EB39B}
		{67F5FD7A-4554-433F-91EE-BABE1C279FBC} = {827E0CD3-B72D-47B6-A68D-7590B98EB39B}
		{270074E2-A407-4E10-A27D-2F50702753CD} = {827E0CD3-B72D-47B6-A68D-7590B98EB39B}
		{2CA20416-BA93-482C-96F7-B5AB017086EF} = {0AB3BF05-4346-4AA6-1389-037BE0695223}
		{D46318AE-74EA-4FC3-8ADC-241B221794A0} = {0AB3BF05-4346-4AA6-1389-037BE0695223}
		{BE82D20B-C8D2-42FC-A14B-68780660425D} = {0AB3BF05-4346-4AA6-1389-037BE0695223}
		{6E3CB1D0-1C60-4F2E-9E80-8B8F2A6E9B5B} = {0AB3BF05-4346-4AA6-1389-037BE0695223}
		{B37D1B2E-6E26-4D8F-8E38-91825D7C5AF2} = {0AB3BF05-4346-4AA6-1389-037BE0695223}
	EndGlobalSection
EndGlobal
